
Microsoft Visual Studio Solution File, Format Version 12.00
# Visual Studio Version 17
VisualStudioVersion = 17.14.36705.20 d17.14
MinimumVisualStudioVersion = 10.0.40219.1
Project("{FAE04EC0-301F-11D3-BF4B-00C04F79EFBC}") = "Upcycleomatic", "Upcycleomatic\Upcycleomatic.csproj", "{DECC4846-5BFF-45AB-B3DB-027D220DA68B}"
EndProject
Global
	GlobalSection(SolutionConfigurationPlatforms) = preSolution
		Debug|Any CPU = Debug|Any CPU
		Release|Any CPU = Release|Any CPU
	EndGlobalSection
	GlobalSection(ProjectConfigurationPlatforms) = postSolution
		{DECC4846-5BFF-45AB-B3DB-027D220DA68B}.Debug|Any CPU.ActiveCfg = Debug|Any CPU
		{DECC4846-5BFF-45AB-B3DB-027D220DA68B}.Debug|Any CPU.Build.0 = Debug|Any CPU
		{DECC4846-5BFF-45AB-B3DB-027D220DA68B}.Release|Any CPU.ActiveCfg = Release|Any CPU
		{DECC4846-5BFF-45AB-B3DB-027D220DA68B}.Release|Any CPU.Build.0 = Release|Any CPU
	EndGlobalSection
	GlobalSection(SolutionProperties) = preSolution
		HideSolutionNode = FALSE
	EndGlobalSection
	GlobalSection(ExtensibilityGlobals) = postSolution
		SolutionGuid = {607700AA-5C89-45BA-90E7-627F0607DECA}
	EndGlobalSection
EndGlobal
